// !$*UTF8*$!
{
	archiveVersion = 1;
	classes = {
	};
	objectVersion = 50;
	objects = {

/* Begin PBXBuildFile section */
		45FA5529244C0DA100C38FC0 /* AppDelegate.swift in Sources */ = {isa = PBXBuildFile; fileRef = 45FA5528244C0DA100C38FC0 /* AppDelegate.swift */; };
		45FA552B244C0DA100C38FC0 /* SceneDelegate.swift in Sources */ = {isa = PBXBuildFile; fileRef = 45FA552A244C0DA100C38FC0 /* SceneDelegate.swift */; };
		45FA552D244C0DA100C38FC0 /* ViewController.swift in Sources */ = {isa = PBXBuildFile; fileRef = 45FA552C244C0DA100C38FC0 /* ViewController.swift */; };
		45FA5530244C0DA100C38FC0 /* Main.storyboard in Resources */ = {isa = PBXBuildFile; fileRef = 45FA552E244C0DA100C38FC0 /* Main.storyboard */; };
		45FA5532244C0DA500C38FC0 /* Assets.xcassets in Resources */ = {isa = PBXBuildFile; fileRef = 45FA5531244C0DA500C38FC0 /* Assets.xcassets */; };
		45FA5535244C0DA500C38FC0 /* LaunchScreen.storyboard in Resources */ = {isa = PBXBuildFile; fileRef = 45FA5533244C0DA500C38FC0 /* LaunchScreen.storyboard */; };
		45FA5542244F6BE900C38FC0 /* sub.mp3 in Resources */ = {isa = PBXBuildFile; fileRef = 45FA553E244F6BE900C38FC0 /* sub.mp3 */; };
		45FA5543244F6BE900C38FC0 /* dono.mp3 in Resources */ = {isa = PBXBuildFile; fileRef = 45FA553F244F6BE900C38FC0 /* dono.mp3 */; };
		45FA5544244F6BE900C38FC0 /* angel.mp3 in Resources */ = {isa = PBXBuildFile; fileRef = 45FA5540244F6BE900C38FC0 /* angel.mp3 */; };
		45FA5545244F6BE900C38FC0 /* follow.mp3 in Resources */ = {isa = PBXBuildFile; fileRef = 45FA5541244F6BE900C38FC0 /* follow.mp3 */; };
/* End PBXBuildFile section */

/* Begin PBXFileReference section */
		45FA5525244C0DA100C38FC0 /* SoundBoard.app */ = {isa = PBXFileReference; explicitFileType = wrapper.application; includeInIndex = 0; path = SoundBoard.app; sourceTree = BUILT_PRODUCTS_DIR; };
		45FA5528244C0DA100C38FC0 /* AppDelegate.swift */ = {isa = PBXFileReference; lastKnownFileType = sourcecode.swift; path = AppDelegate.swift; sourceTree = "<group>"; };
		45FA552A244C0DA100C38FC0 /* SceneDelegate.swift */ = {isa = PBXFileReference; lastKnownFileType = sourcecode.swift; path = SceneDelegate.swift; sourceTree = "<group>"; };
		45FA552C244C0DA100C38FC0 /* ViewController.swift */ = {isa = PBXFileReference; lastKnownFileType = sourcecode.swift; path = ViewController.swift; sourceTree = "<group>"; };
		45FA552F244C0DA100C38FC0 /* Base */ = {isa = PBXFileReference; lastKnownFileType = file.storyboard; name = Base; path = Base.lproj/Main.storyboard; sourceTree = "<group>"; };
		45FA5531244C0DA500C38FC0 /* Assets.xcassets */ = {isa = PBXFileReference; lastKnownFileType = folder.assetcatalog; path = Assets.xcassets; sourceTree = "<group>"; };
		45FA5534244C0DA500C38FC0 /* Base */ = {isa = PBXFileReference; lastKnownFileType = file.storyboard; name = Base; path = Base.lproj/LaunchScreen.storyboard; sourceTree = "<group>"; };
		45FA5536244C0DA500C38FC0 /* Info.plist */ = {isa = PBXFileReference; lastKnownFileType = text.plist.xml; path = Info.plist; sourceTree = "<group>"; };
		45FA553E244F6BE900C38FC0 /* sub.mp3 */ = {isa = PBXFileReference; lastKnownFileType = audio.mp3; path = sub.mp3; sourceTree = "<group>"; };
		45FA553F244F6BE900C38FC0 /* dono.mp3 */ = {isa = PBXFileReference; lastKnownFileType = audio.mp3; path = dono.mp3; sourceTree = "<group>"; };
		45FA5540244F6BE900C38FC0 /* angel.mp3 */ = {isa = PBXFileReference; lastKnownFileType = audio.mp3; path = angel.mp3; sourceTree = "<group>"; };
		45FA5541244F6BE900C38FC0 /* follow.mp3 */ = {isa = PBXFileReference; lastKnownFileType = audio.mp3; path = follow.mp3; sourceTree = "<group>"; };
/* End PBXFileReference section */

/* Begin PBXFrameworksBuildPhase section */
		45FA5522244C0DA100C38FC0 /* Frameworks */ = {
			isa = PBXFrameworksBuildPhase;
			buildActionMask = 2147483647;
			files = (
			);
			runOnlyForDeploymentPostprocessing = 0;
		};
/* End PBXFrameworksBuildPhase section */

/* Begin PBXGroup section */
		45FA551C244C0DA100C38FC0 = {
			isa = PBXGroup;
			children = (
				45FA5527244C0DA100C38FC0 /* SoundBoard */,
				45FA5526244C0DA100C38FC0 /* Products */,
			);
			sourceTree = "<group>";
		};
		45FA5526244C0DA100C38FC0 /* Products */ = {
			isa = PBXGroup;
			children = (
				45FA5525244C0DA100C38FC0 /* SoundBoard.app */,
			);
			name = Products;
			sourceTree = "<group>";
		};
		45FA5527244C0DA100C38FC0 /* SoundBoard */ = {
			isa = PBXGroup;
			children = (
				45FA553D244F6BAB00C38FC0 /* Sounds */,
				45FA5528244C0DA100C38FC0 /* AppDelegate.swift */,
				45FA552A244C0DA100C38FC0 /* SceneDelegate.swift */,
				45FA552C244C0DA100C38FC0 /* ViewController.swift */,
				45FA552E244C0DA100C38FC0 /* Main.storyboard */,
				45FA5531244C0DA500C38FC0 /* Assets.xcassets */,
				45FA5533244C0DA500C38FC0 /* LaunchScreen.storyboard */,
				45FA5536244C0DA500C38FC0 /* Info.plist */,
			);
			path = SoundBoard;
			sourceTree = "<group>";
		};
		45FA553D244F6BAB00C38FC0 /* Sounds */ = {
			isa = PBXGroup;
			children = (
				45FA553F244F6BE900C38FC0 /* dono.mp3 */,
				45FA5541244F6BE900C38FC0 /* follow.mp3 */,
				45FA553E244F6BE900C38FC0 /* sub.mp3 */,
				45FA5540244F6BE900C38FC0 /* angel.mp3 */,
			);
			path = Sounds;
			sourceTree = "<group>";
		};
/* End PBXGroup section */

/* Begin PBXNativeTarget section */
		45FA5524244C0DA100C38FC0 /* SoundBoard */ = {
			isa = PBXNativeTarget;
			buildConfigurationList = 45FA5539244C0DA500C38FC0 /* Build configuration list for PBXNativeTarget "SoundBoard" */;
			buildPhases = (
				45FA5521244C0DA100C38FC0 /* Sources */,
				45FA5522244C0DA100C38FC0 /* Frameworks */,
				45FA5523244C0DA100C38FC0 /* Resources */,
			);
			buildRules = (
			);
			dependencies = (
			);
			name = SoundBoard;
			productName = SoundBoard;
			productReference = 45FA5525244C0DA100C38FC0 /* SoundBoard.app */;
			productType = "com.apple.product-type.application";
		};
/* End PBXNativeTarget section */

/* Begin PBXProject section */
		45FA551D244C0DA100C38FC0 /* Project object */ = {
			isa = PBXProject;
			attributes = {
				LastSwiftUpdateCheck = 1140;
				LastUpgradeCheck = 1140;
				ORGANIZATIONNAME = "Ruben Camarena";
				TargetAttributes = {
					45FA5524244C0DA100C38FC0 = {
						CreatedOnToolsVersion = 11.4;
					};
				};
			};
			buildConfigurationList = 45FA5520244C0DA100C38FC0 /* Build configuration list for PBXProject "SoundBoard" */;
			compatibilityVersion = "Xcode 9.3";
			developmentRegion = en;
			hasScannedForEncodings = 0;
			knownRegions = (
				en,
				Base,
			);
			mainGroup = 45FA551C244C0DA100C38FC0;
			productRefGroup = 45FA5526244C0DA100C38FC0 /* Products */;
			projectDirPath = "";
			projectRoot = "";
			targets = (
				45FA5524244C0DA100C38FC0 /* SoundBoard */,
			);
		};
/* End PBXProject section */

/* Begin PBXResourcesBuildPhase section */
		45FA5523244C0DA100C38FC0 /* Resources */ = {
			isa = PBXResourcesBuildPhase;
			buildActionMask = 2147483647;
			files = (
				45FA5544244F6BE900C38FC0 /* angel.mp3 in Resources */,
				45FA5535244C0DA500C38FC0 /* LaunchScreen.storyboard in Resources */,
				45FA5532244C0DA500C38FC0 /* Assets.xcassets in Resources */,
				45FA5545244F6BE900C38FC0 /* follow.mp3 in Resources */,
				45FA5542244F6BE900C38FC0 /* sub.mp3 in Resources */,
				45FA5543244F6BE900C38FC0 /* dono.mp3 in Resources */,
				45FA5530244C0DA100C38FC0 /* Main.storyboard in Resources */,
			);
			runOnlyForDeploymentPostprocessing = 0;
		};
/* End PBXResourcesBuildPhase section */

/* Begin PBXSourcesBuildPhase section */
		45FA5521244C0DA100C38FC0 /* Sources */ = {
			isa = PBXSourcesBuildPhase;
			buildActionMask = 2147483647;
			files = (
				45FA552D244C0DA100C38FC0 /* ViewController.swift in Sources */,
				45FA5529244C0DA100C38FC0 /* AppDelegate.swift in Sources */,
				45FA552B244C0DA100C38FC0 /* SceneDelegate.swift in Sources */,
			);
			runOnlyForDeploymentPostprocessing = 0;
		};
/* End PBXSourcesBuildPhase section */

/* Begin PBXVariantGroup section */
		45FA552E244C0DA100C38FC0 /* Main.storyboard */ = {
			isa = PBXVariantGroup;
			children = (
				45FA552F244C0DA100C38FC0 /* Base */,
			);
			name = Main.storyboard;
			sourceTree = "<group>";
		};
		45FA5533244C0DA500C38FC0 /* LaunchScreen.storyboard */ = {
			isa = PBXVariantGroup;
			children = (
				45FA5534244C0DA500C38FC0 /* Base */,
			);
			name = LaunchScreen.storyboard;
			sourceTree = "<group>";
		};
/* End PBXVariantGroup section */

/* Begin XCBuildConfiguration section */
		45FA5537244C0DA500C38FC0 /* Debug */ = {
			isa = XCBuildConfiguration;
			buildSettings = {
				ALWAYS_SEARCH_USER_PATHS = NO;
				CLANG_ANALYZER_NONNULL = YES;
				CLANG_ANALYZER_NUMBER_OBJECT_CONVERSION = YES_AGGRESSIVE;
				CLANG_CXX_LANGUAGE_STANDARD = "gnu++14";
				CLANG_CXX_LIBRARY = "libc++";
				CLANG_ENABLE_MODULES = YES;
				CLANG_ENABLE_OBJC_ARC = YES;
				CLANG_ENABLE_OBJC_WEAK = YES;
				CLANG_WARN_BLOCK_CAPTURE_AUTORELEASING = YES;
				CLANG_WARN_BOOL_CONVERSION = YES;
				CLANG_WARN_COMMA = YES;
				CLANG_WARN_CONSTANT_CONVERSION = YES;
				CLANG_WARN_DEPRECATED_OBJC_IMPLEMENTATIONS = YES;
				CLANG_WARN_DIRECT_OBJC_ISA_USAGE = YES_ERROR;
				CLANG_WARN_DOCUMENTATION_COMMENTS = YES;
				CLANG_WARN_EMPTY_BODY = YES;
				CLANG_WARN_ENUM_CONVERSION = YES;
				CLANG_WARN_INFINITE_RECURSION = YES;
				CLANG_WARN_INT_CONVERSION = YES;
				CLANG_WARN_NON_LITERAL_NULL_CONVERSION = YES;
				CLANG_WARN_OBJC_IMPLICIT_RETAIN_SELF = YES;
				CLANG_WARN_OBJC_LITERAL_CONVERSION = YES;
				CLANG_WARN_OBJC_ROOT_CLASS = YES_ERROR;
				CLANG_WARN_RANGE_LOOP_ANALYSIS = YES;
				CLANG_WARN_STRICT_PROTOTYPES = YES;
				CLANG_WARN_SUSPICIOUS_MOVE = YES;
				CLANG_WARN_UNGUARDED_AVAILABILITY = YES_AGGRESSIVE;
				CLANG_WARN_UNREACHABLE_CODE = YES;
				CLANG_WARN__DUPLICATE_METHOD_MATCH = YES;
				COPY_PHASE_STRIP = NO;
				DEBUG_INFORMATION_FORMAT = dwarf;
				ENABLE_STRICT_OBJC_MSGSEND = YES;
				ENABLE_TESTABILITY = YES;
				GCC_C_LANGUAGE_STANDARD = gnu11;
				GCC_DYNAMIC_NO_PIC = NO;
				GCC_NO_COMMON_BLOCKS = YES;
				GCC_OPTIMIZATION_LEVEL = 0;
				GCC_PREPROCESSOR_DEFINITIONS = (
					"DEBUG=1",
					"$(inherited)",
				);
				GCC_WARN_64_TO_32_BIT_CONVERSION = YES;
				GCC_WARN_ABOUT_RETURN_TYPE = YES_ERROR;
				GCC_WARN_UNDECLARED_SELECTOR = YES;
				GCC_WARN_UNINITIALIZED_AUTOS = YES_AGGRESSIVE;
				GCC_WARN_UNUSED_FUNCTION = YES;
				GCC_WARN_UNUSED_VARIABLE = YES;
				IPHONEOS_DEPLOYMENT_TARGET = 13.4;
				MTL_ENABLE_DEBUG_INFO = INCLUDE_SOURCE;
				MTL_FAST_MATH = YES;
				ONLY_ACTIVE_ARCH = YES;
				SDKROOT = iphoneos;
				SWIFT_ACTIVE_COMPILATION_CONDITIONS = DEBUG;
				SWIFT_OPTIMIZATION_LEVEL = "-Onone";
			};
			name = Debug;
		};
		45FA5538244C0DA500C38FC0 /* Release */ = {
			isa = XCBuildConfiguration;
			buildSettings = {
				ALWAYS_SEARCH_USER_PATHS = NO;
				CLANG_ANALYZER_NONNULL = YES;
				CLANG_ANALYZER_NUMBER_OBJECT_CONVERSION = YES_AGGRESSIVE;
				CLANG_CXX_LANGUAGE_STANDARD = "gnu++14";
				CLANG_CXX_LIBRARY = "libc++";
				CLANG_ENABLE_MODULES = YES;
				CLANG_ENABLE_OBJC_ARC = YES;
				CLANG_ENABLE_OBJC_WEAK = YES;
				CLANG_WARN_BLOCK_CAPTURE_AUTORELEASING = YES;
				CLANG_WARN_BOOL_CONVERSION = YES;
				CLANG_WARN_COMMA = YES;
				CLANG_WARN_CONSTANT_CONVERSION = YES;
				CLANG_WARN_DEPRECATED_OBJC_IMPLEMENTATIONS = YES;
				CLANG_WARN_DIRECT_OBJC_ISA_USAGE = YES_ERROR;
				CLANG_WARN_DOCUMENTATION_COMMENTS = YES;
				CLANG_WARN_EMPTY_BODY = YES;
				CLANG_WARN_ENUM_CONVERSION = YES;
				CLANG_WARN_INFINITE_RECURSION = YES;
				CLANG_WARN_INT_CONVERSION = YES;
				CLANG_WARN_NON_LITERAL_NULL_CONVERSION = YES;
				CLANG_WARN_OBJC_IMPLICIT_RETAIN_SELF = YES;
				CLANG_WARN_OBJC_LITERAL_CONVERSION = YES;
				CLANG_WARN_OBJC_ROOT_CLASS = YES_ERROR;
				CLANG_WARN_RANGE_LOOP_ANALYSIS = YES;
				CLANG_WARN_STRICT_PROTOTYPES = YES;
				CLANG_WARN_SUSPICIOUS_MOVE = YES;
				CLANG_WARN_UNGUARDED_AVAILABILITY = YES_AGGRESSIVE;
				CLANG_WARN_UNREACHABLE_CODE = YES;
				CLANG_WARN__DUPLICATE_METHOD_MATCH = YES;
				COPY_PHASE_STRIP = NO;
				DEBUG_INFORMATION_FORMAT = "dwarf-with-dsym";
				ENABLE_NS_ASSERTIONS = NO;
				ENABLE_STRICT_OBJC_MSGSEND = YES;
				GCC_C_LANGUAGE_STANDARD = gnu11;
				GCC_NO_COMMON_BLOCKS = YES;
				GCC_WARN_64_TO_32_BIT_CONVERSION = YES;
				GCC_WARN_ABOUT_RETURN_TYPE = YES_ERROR;
				GCC_WARN_UNDECLARED_SELECTOR = YES;
				GCC_WARN_UNINITIALIZED_AUTOS = YES_AGGRESSIVE;
				GCC_WARN_UNUSED_FUNCTION = YES;
				GCC_WARN_UNUSED_VARIABLE = YES;
				IPHONEOS_DEPLOYMENT_TARGET = 13.4;
				MTL_ENABLE_DEBUG_INFO = NO;
				MTL_FAST_MATH = YES;
				SDKROOT = iphoneos;
				SWIFT_COMPILATION_MODE = wholemodule;
				SWIFT_OPTIMIZATION_LEVEL = "-O";
				VALIDATE_PRODUCT = YES;
			};
			name = Release;
		};
		45FA553A244C0DA500C38FC0 /* Debug */ = {
			isa = XCBuildConfiguration;
			buildSettings = {
				ASSETCATALOG_COMPILER_APPICON_NAME = AppIcon;
				CODE_SIGN_STYLE = Automatic;
				DEVELOPMENT_TEAM = T4W2TF7R47;
				INFOPLIST_FILE = SoundBoard/Info.plist;
				LD_RUNPATH_SEARCH_PATHS = (
					"$(inherited)",
					"@executable_path/Frameworks",
				);
				PRODUCT_BUNDLE_IDENTIFIER = com.rubencamarena.SoundBoard;
				PRODUCT_NAME = "$(TARGET_NAME)";
				SWIFT_VERSION = 5.0;
				TARGETED_DEVICE_FAMILY = "1,2";
			};
			name = Debug;
		};
		45FA553B244C0DA500C38FC0 /* Release */ = {
			isa = XCBuildConfiguration;
			buildSettings = {
				ASSETCATALOG_COMPILER_APPICON_NAME = AppIcon;
				CODE_SIGN_STYLE = Automatic;
				DEVELOPMENT_TEAM = T4W2TF7R47;
				INFOPLIST_FILE = SoundBoard/Info.plist;
				LD_RUNPATH_SEARCH_PATHS = (
					"$(inherited)",
					"@executable_path/Frameworks",
				);
				PRODUCT_BUNDLE_IDENTIFIER = com.rubencamarena.SoundBoard;
				PRODUCT_NAME = "$(TARGET_NAME)";
				SWIFT_VERSION = 5.0;
				TARGETED_DEVICE_FAMILY = "1,2";
			};
			name = Release;
		};
/* End XCBuildConfiguration section */

/* Begin XCConfigurationList section */
		45FA5520244C0DA100C38FC0 /* Build configuration list for PBXProject "SoundBoard" */ = {
			isa = XCConfigurationList;
			buildConfigurations = (
				45FA5537244C0DA500C38FC0 /* Debug */,
				45FA5538244C0DA500C38FC0 /* Release */,
			);
			defaultConfigurationIsVisible = 0;
			defaultConfigurationName = Release;
		};
		45FA5539244C0DA500C38FC0 /* Build configuration list for PBXNativeTarget "SoundBoard" */ = {
			isa = XCConfigurationList;
			buildConfigurations = (
				45FA553A244C0DA500C38FC0 /* Debug */,
				45FA553B244C0DA500C38FC0 /* Release */,
			);
			defaultConfigurationIsVisible = 0;
			defaultConfigurationName = Release;
		};
/* End XCConfigurationList section */
	};
	rootObject = 45FA551D244C0DA100C38FC0 /* Project object */;
}
